{
    "_meta": {
        "hash": {
            "sha256": "42436737f9b265ddf02229615a0f756acdd1ceaa416503b15da0d75e5dec265e"
        },
        "pipfile-spec": 6,
        "requires": {
            "python_version": "3"
        },
        "sources": [
            {
                "name": "pypi",
                "url": "https://pypi.org/simple",
                "verify_ssl": true
            }
        ]
    },
    "default": {
        "click": {
            "hashes": [
                "sha256:ae74fb96c20a0277a1d615f1e4d73c8414f5a98db8b799a7931d1582f3390c28",
                "sha256:ca9853ad459e787e2192211578cc907e7594e294c7ccc834310722b41b9ca6de"
            ],
            "index": "pypi",
            "markers": "python_version >= '3.7'",
            "version": "==8.1.7"
        },
        "python-pam": {
            "hashes": [
                "sha256:4ac51dd8953ac59aa45505882b565eef6a22e0423dcf25d63369902080416c20",
                "sha256:97235235ba9b82dbae8068d1099508455949b275f77273ca22fdbd8b1fb5d950"
            ],
            "index": "pypi",
            "version": "==2.0.2"
        }
    },
    "develop": {
        "altgraph": {
            "hashes": [
                "sha256:1b5afbb98f6c4dcadb2e2ae6ab9fa994bbb8c1d75f4fa96d340f9437ae454406",
                "sha256:642743b4750de17e655e6711601b077bc6598dbfa3ba5fa2b2a35ce12b508dff"
            ],
            "version": "==0.17.4"
        },
        "packaging": {
            "hashes": [
                "sha256:048fb0e9405036518eaaf48a55953c750c11e1a1b68e0dd1a9d62ed0c092cfc5",
                "sha256:8c491190033a9af7e1d931d0b5dacc2ef47509b34dd0de67ed209b5203fc88c7"
            ],
            "markers": "python_version >= '3.7'",
            "version": "==23.2"
        },
        "pyinstaller": {
            "hashes": [
                "sha256:11e6da6a6e441379352ee460a8880f2633dac91dac0f5a9eeff5d449d459b046",
                "sha256:1bf608ed947b58614711275a7ff169289b32560dc97ec748ebd5fa8bdec80649",
                "sha256:28b98fa3c74602bdc4c5a7698e907f31e714cc40a13f6358082bcbc74ddab35c",
                "sha256:3127724d1841f785a9916d7b4cfd9595f359925e9ce7d137a16db8c29ca8453b",
                "sha256:3ae62cf8858ec4dc54df6fa03d29bc78297e3c87caf532887eae8c3893be0789",
                "sha256:78fb66ca753ef8becdf059eaa1e764d384cacb8c2ec76800126f8c9ef6d19a50",
                "sha256:a2e63fa71784f290bbf79b31b60a27c45b17a18b8c7f910757f9474e0c12c95d",
                "sha256:a37f83850cb150ad1e00fe92acecc4d39b8e10162a1850a5836a05fcb2daa870",
                "sha256:c7bc0fbea8a9010484cfa7d3856416003af73271f03ca3da4bc0eaf14680ad17",
                "sha256:e07cff584600647af7dc279dd04c60cd1b4b1b41947b0753f8fcf1969300a583",
                "sha256:e3e1e6922a4260dcacf6f5655b0ca857451e05ac502d01642935d0f2873ad3c7",
                "sha256:ec8a08c983e3febb0247893cd9bd59f55b6767a1f649cb41a0a129b8f04ff2cb"
            ],
            "index": "pypi",
            "markers": "python_version < '3.13' and python_version >= '3.8'",
            "version": "==6.4.0"
        },
        "pyinstaller-hooks-contrib": {
            "hashes": [
                "sha256:43f3e084ae5f826415399d72ecf2e32328fe859ad7455c7cddfc09f1a61c90b7",
                "sha256:8f5ac1acdafde9e553c82242aeae2d2f8fb65ec8e2b0ba416547948108a73e01"
            ],
            "markers": "python_version >= '3.7'",
            "version": "==2024.2"
        },
        "setuptools": {
            "hashes": [
                "sha256:02fa291a0471b3a18b2b2481ed902af520c69e8ae0919c13da936542754b4c56",
                "sha256:5c0806c7d9af348e6dd3777b4f4dbb42c7ad85b190104837488eab9a7c945cf8"
            ],
            "markers": "python_version >= '3.8'",
            "version": "==69.1.1"
        }
    }
}
